
Microsoft Visual Studio Solution File, Format Version 11.00
# Visual Studio 2010
Project("{F184B08F-C81C-45F6-A57F-5ABD9991F28F}") = "PCBR3 Master Utility", "PCBR3 Master Utility\PCBR3 Master Utility.vbproj", "{834FEFE8-E1F4-4D66-969D-A75037BC2431}"
EndProject
Global
	GlobalSection(SolutionConfigurationPlatforms) = preSolution
		Debug|x86 = Debug|x86
		Release|x86 = Release|x86
	EndGlobalSection
	GlobalSection(ProjectConfigurationPlatforms) = postSolution
		{834FEFE8-E1F4-4D66-969D-A75037BC2431}.Debug|x86.ActiveCfg = Debug|x86
		{834FEFE8-E1F4-4D66-969D-A75037BC2431}.Debug|x86.Build.0 = Debug|x86
		{834FEFE8-E1F4-4D66-969D-A75037BC2431}.Release|x86.ActiveCfg = Release|x86
		{834FEFE8-E1F4-4D66-969D-A75037BC2431}.Release|x86.Build.0 = Release|x86
	EndGlobalSection
	GlobalSection(SolutionProperties) = preSolution
		HideSolutionNode = FALSE
	EndGlobalSection
EndGlobal
